// !$*UTF8*$!
{
	archiveVersion = 1;
	classes = {
	};
	objectVersion = 50;
	objects = {

/* Begin PBXBuildFile section */
		07B574B422C65A5A002DF721 /* AppDelegate.swift in Sources */ = {isa = PBXBuildFile; fileRef = 07B574B322C65A5A002DF721 /* AppDelegate.swift */; };
		07B574B622C65A5A002DF721 /* ViewController.swift in Sources */ = {isa = PBXBuildFile; fileRef = 07B574B522C65A5A002DF721 /* ViewController.swift */; };
		07B574B922C65A5A002DF721 /* Main.storyboard in Resources */ = {isa = PBXBuildFile; fileRef = 07B574B722C65A5A002DF721 /* Main.storyboard */; };
		07B574BB22C65A5C002DF721 /* Assets.xcassets in Resources */ = {isa = PBXBuildFile; fileRef = 07B574BA22C65A5C002DF721 /* Assets.xcassets */; };
		07B574BE22C65A5C002DF721 /* LaunchScreen.storyboard in Resources */ = {isa = PBXBuildFile; fileRef = 07B574BC22C65A5C002DF721 /* LaunchScreen.storyboard */; };
		07B574C322C65A5C002DF721 /* Activity2 WatchKit App.app in Embed Watch Content */ = {isa = PBXBuildFile; fileRef = 07B574C222C65A5C002DF721 /* Activity2 WatchKit App.app */; };
		07B574C922C65A5C002DF721 /* Interface.storyboard in Resources */ = {isa = PBXBuildFile; fileRef = 07B574C722C65A5C002DF721 /* Interface.storyboard */; };
		07B574CB22C65A5C002DF721 /* Assets.xcassets in Resources */ = {isa = PBXBuildFile; fileRef = 07B574CA22C65A5C002DF721 /* Assets.xcassets */; };
		07B574D222C65A5D002DF721 /* Activity2 WatchKit Extension.appex in Embed App Extensions */ = {isa = PBXBuildFile; fileRef = 07B574D122C65A5D002DF721 /* Activity2 WatchKit Extension.appex */; settings = {ATTRIBUTES = (RemoveHeadersOnCopy, ); }; };
		07B574D722C65A5D002DF721 /* InterfaceController.swift in Sources */ = {isa = PBXBuildFile; fileRef = 07B574D622C65A5D002DF721 /* InterfaceController.swift */; };
		07B574D922C65A5D002DF721 /* ExtensionDelegate.swift in Sources */ = {isa = PBXBuildFile; fileRef = 07B574D822C65A5D002DF721 /* ExtensionDelegate.swift */; };
		07B574DB22C65A5D002DF721 /* Assets.xcassets in Resources */ = {isa = PBXBuildFile; fileRef = 07B574DA22C65A5D002DF721 /* Assets.xcassets */; };
/* End PBXBuildFile section */

/* Begin PBXContainerItemProxy section */
		07B574C422C65A5C002DF721 /* PBXContainerItemProxy */ = {
			isa = PBXContainerItemProxy;
			containerPortal = 07B574A822C65A5A002DF721 /* Project object */;
			proxyType = 1;
			remoteGlobalIDString = 07B574C122C65A5C002DF721;
			remoteInfo = "Activity2 WatchKit App";
		};
		07B574D322C65A5D002DF721 /* PBXContainerItemProxy */ = {
			isa = PBXContainerItemProxy;
			containerPortal = 07B574A822C65A5A002DF721 /* Project object */;
			proxyType = 1;
			remoteGlobalIDString = 07B574D022C65A5D002DF721;
			remoteInfo = "Activity2 WatchKit Extension";
		};
/* End PBXContainerItemProxy section */

/* Begin PBXCopyFilesBuildPhase section */
		07B574E222C65A5D002DF721 /* Embed App Extensions */ = {
			isa = PBXCopyFilesBuildPhase;
			buildActionMask = 2147483647;
			dstPath = "";
			dstSubfolderSpec = 13;
			files = (
				07B574D222C65A5D002DF721 /* Activity2 WatchKit Extension.appex in Embed App Extensions */,
			);
			name = "Embed App Extensions";
			runOnlyForDeploymentPostprocessing = 0;
		};
		07B574E622C65A5D002DF721 /* Embed Watch Content */ = {
			isa = PBXCopyFilesBuildPhase;
			buildActionMask = 2147483647;
			dstPath = "$(CONTENTS_FOLDER_PATH)/Watch";
			dstSubfolderSpec = 16;
			files = (
				07B574C322C65A5C002DF721 /* Activity2 WatchKit App.app in Embed Watch Content */,
			);
			name = "Embed Watch Content";
			runOnlyForDeploymentPostprocessing = 0;
		};
/* End PBXCopyFilesBuildPhase section */

/* Begin PBXFileReference section */
		07B574B022C65A5A002DF721 /* Activity2.app */ = {isa = PBXFileReference; explicitFileType = wrapper.application; includeInIndex = 0; path = Activity2.app; sourceTree = BUILT_PRODUCTS_DIR; };
		07B574B322C65A5A002DF721 /* AppDelegate.swift */ = {isa = PBXFileReference; lastKnownFileType = sourcecode.swift; path = AppDelegate.swift; sourceTree = "<group>"; };
		07B574B522C65A5A002DF721 /* ViewController.swift */ = {isa = PBXFileReference; lastKnownFileType = sourcecode.swift; path = ViewController.swift; sourceTree = "<group>"; };
		07B574B822C65A5A002DF721 /* Base */ = {isa = PBXFileReference; lastKnownFileType = file.storyboard; name = Base; path = Base.lproj/Main.storyboard; sourceTree = "<group>"; };
		07B574BA22C65A5C002DF721 /* Assets.xcassets */ = {isa = PBXFileReference; lastKnownFileType = folder.assetcatalog; path = Assets.xcassets; sourceTree = "<group>"; };
		07B574BD22C65A5C002DF721 /* Base */ = {isa = PBXFileReference; lastKnownFileType = file.storyboard; name = Base; path = Base.lproj/LaunchScreen.storyboard; sourceTree = "<group>"; };
		07B574BF22C65A5C002DF721 /* Info.plist */ = {isa = PBXFileReference; lastKnownFileType = text.plist.xml; path = Info.plist; sourceTree = "<group>"; };
		07B574C222C65A5C002DF721 /* Activity2 WatchKit App.app */ = {isa = PBXFileReference; explicitFileType = wrapper.application; includeInIndex = 0; path = "Activity2 WatchKit App.app"; sourceTree = BUILT_PRODUCTS_DIR; };
		07B574C822C65A5C002DF721 /* Base */ = {isa = PBXFileReference; lastKnownFileType = file.storyboard; name = Base; path = Base.lproj/Interface.storyboard; sourceTree = "<group>"; };
		07B574CA22C65A5C002DF721 /* Assets.xcassets */ = {isa = PBXFileReference; lastKnownFileType = folder.assetcatalog; path = Assets.xcassets; sourceTree = "<group>"; };
		07B574CC22C65A5C002DF721 /* Info.plist */ = {isa = PBXFileReference; lastKnownFileType = text.plist.xml; path = Info.plist; sourceTree = "<group>"; };
		07B574D122C65A5D002DF721 /* Activity2 WatchKit Extension.appex */ = {isa = PBXFileReference; explicitFileType = "wrapper.app-extension"; includeInIndex = 0; path = "Activity2 WatchKit Extension.appex"; sourceTree = BUILT_PRODUCTS_DIR; };
		07B574D622C65A5D002DF721 /* InterfaceController.swift */ = {isa = PBXFileReference; lastKnownFileType = sourcecode.swift; path = InterfaceController.swift; sourceTree = "<group>"; };
		07B574D822C65A5D002DF721 /* ExtensionDelegate.swift */ = {isa = PBXFileReference; lastKnownFileType = sourcecode.swift; path = ExtensionDelegate.swift; sourceTree = "<group>"; };
		07B574DA22C65A5D002DF721 /* Assets.xcassets */ = {isa = PBXFileReference; lastKnownFileType = folder.assetcatalog; path = Assets.xcassets; sourceTree = "<group>"; };
		07B574DC22C65A5D002DF721 /* Info.plist */ = {isa = PBXFileReference; lastKnownFileType = text.plist.xml; path = Info.plist; sourceTree = "<group>"; };
/* End PBXFileReference section */

/* Begin PBXFrameworksBuildPhase section */
		07B574AD22C65A5A002DF721 /* Frameworks */ = {
			isa = PBXFrameworksBuildPhase;
			buildActionMask = 2147483647;
			files = (
			);
			runOnlyForDeploymentPostprocessing = 0;
		};
		07B574CE22C65A5D002DF721 /* Frameworks */ = {
			isa = PBXFrameworksBuildPhase;
			buildActionMask = 2147483647;
			files = (
			);
			runOnlyForDeploymentPostprocessing = 0;
		};
/* End PBXFrameworksBuildPhase section */

/* Begin PBXGroup section */
		07B574A722C65A5A002DF721 = {
			isa = PBXGroup;
			children = (
				07B574B222C65A5A002DF721 /* Activity2 */,
				07B574C622C65A5C002DF721 /* Activity2 WatchKit App */,
				07B574D522C65A5D002DF721 /* Activity2 WatchKit Extension */,
				07B574B122C65A5A002DF721 /* Products */,
			);
			sourceTree = "<group>";
		};
		07B574B122C65A5A002DF721 /* Products */ = {
			isa = PBXGroup;
			children = (
				07B574B022C65A5A002DF721 /* Activity2.app */,
				07B574C222C65A5C002DF721 /* Activity2 WatchKit App.app */,
				07B574D122C65A5D002DF721 /* Activity2 WatchKit Extension.appex */,
			);
			name = Products;
			sourceTree = "<group>";
		};
		07B574B222C65A5A002DF721 /* Activity2 */ = {
			isa = PBXGroup;
			children = (
				07B574B322C65A5A002DF721 /* AppDelegate.swift */,
				07B574B522C65A5A002DF721 /* ViewController.swift */,
				07B574B722C65A5A002DF721 /* Main.storyboard */,
				07B574BA22C65A5C002DF721 /* Assets.xcassets */,
				07B574BC22C65A5C002DF721 /* LaunchScreen.storyboard */,
				07B574BF22C65A5C002DF721 /* Info.plist */,
			);
			path = Activity2;
			sourceTree = "<group>";
		};
		07B574C622C65A5C002DF721 /* Activity2 WatchKit App */ = {
			isa = PBXGroup;
			children = (
				07B574C722C65A5C002DF721 /* Interface.storyboard */,
				07B574CA22C65A5C002DF721 /* Assets.xcassets */,
				07B574CC22C65A5C002DF721 /* Info.plist */,
			);
			path = "Activity2 WatchKit App";
			sourceTree = "<group>";
		};
		07B574D522C65A5D002DF721 /* Activity2 WatchKit Extension */ = {
			isa = PBXGroup;
			children = (
				07B574D622C65A5D002DF721 /* InterfaceController.swift */,
				07B574D822C65A5D002DF721 /* ExtensionDelegate.swift */,
				07B574DA22C65A5D002DF721 /* Assets.xcassets */,
				07B574DC22C65A5D002DF721 /* Info.plist */,
			);
			path = "Activity2 WatchKit Extension";
			sourceTree = "<group>";
		};
/* End PBXGroup section */

/* Begin PBXNativeTarget section */
		07B574AF22C65A5A002DF721 /* Activity2 */ = {
			isa = PBXNativeTarget;
			buildConfigurationList = 07B574E722C65A5D002DF721 /* Build configuration list for PBXNativeTarget "Activity2" */;
			buildPhases = (
				07B574AC22C65A5A002DF721 /* Sources */,
				07B574AD22C65A5A002DF721 /* Frameworks */,
				07B574AE22C65A5A002DF721 /* Resources */,
				07B574E622C65A5D002DF721 /* Embed Watch Content */,
			);
			buildRules = (
			);
			dependencies = (
				07B574C522C65A5C002DF721 /* PBXTargetDependency */,
			);
			name = Activity2;
			productName = Activity2;
			productReference = 07B574B022C65A5A002DF721 /* Activity2.app */;
			productType = "com.apple.product-type.application";
		};
		07B574C122C65A5C002DF721 /* Activity2 WatchKit App */ = {
			isa = PBXNativeTarget;
			buildConfigurationList = 07B574E322C65A5D002DF721 /* Build configuration list for PBXNativeTarget "Activity2 WatchKit App" */;
			buildPhases = (
				07B574C022C65A5C002DF721 /* Resources */,
				07B574E222C65A5D002DF721 /* Embed App Extensions */,
			);
			buildRules = (
			);
			dependencies = (
				07B574D422C65A5D002DF721 /* PBXTargetDependency */,
			);
			name = "Activity2 WatchKit App";
			productName = "Activity2 WatchKit App";
			productReference = 07B574C222C65A5C002DF721 /* Activity2 WatchKit App.app */;
			productType = "com.apple.product-type.application.watchapp2";
		};
		07B574D022C65A5D002DF721 /* Activity2 WatchKit Extension */ = {
			isa = PBXNativeTarget;
			buildConfigurationList = 07B574DF22C65A5D002DF721 /* Build configuration list for PBXNativeTarget "Activity2 WatchKit Extension" */;
			buildPhases = (
				07B574CD22C65A5D002DF721 /* Sources */,
				07B574CE22C65A5D002DF721 /* Frameworks */,
				07B574CF22C65A5D002DF721 /* Resources */,
			);
			buildRules = (
			);
			dependencies = (
			);
			name = "Activity2 WatchKit Extension";
			productName = "Activity2 WatchKit Extension";
			productReference = 07B574D122C65A5D002DF721 /* Activity2 WatchKit Extension.appex */;
			productType = "com.apple.product-type.watchkit2-extension";
		};
/* End PBXNativeTarget section */

/* Begin PBXProject section */
		07B574A822C65A5A002DF721 /* Project object */ = {
			isa = PBXProject;
			attributes = {
				LastSwiftUpdateCheck = 1010;
				LastUpgradeCheck = 1010;
				ORGANIZATIONNAME = "Manpreet Kaur Gill";
				TargetAttributes = {
					07B574AF22C65A5A002DF721 = {
						CreatedOnToolsVersion = 10.1;
					};
					07B574C122C65A5C002DF721 = {
						CreatedOnToolsVersion = 10.1;
					};
					07B574D022C65A5D002DF721 = {
						CreatedOnToolsVersion = 10.1;
					};
				};
			};
			buildConfigurationList = 07B574AB22C65A5A002DF721 /* Build configuration list for PBXProject "Activity2" */;
			compatibilityVersion = "Xcode 9.3";
			developmentRegion = en;
			hasScannedForEncodings = 0;
			knownRegions = (
				en,
				Base,
			);
			mainGroup = 07B574A722C65A5A002DF721;
			productRefGroup = 07B574B122C65A5A002DF721 /* Products */;
			projectDirPath = "";
			projectRoot = "";
			targets = (
				07B574AF22C65A5A002DF721 /* Activity2 */,
				07B574C122C65A5C002DF721 /* Activity2 WatchKit App */,
				07B574D022C65A5D002DF721 /* Activity2 WatchKit Extension */,
			);
		};
/* End PBXProject section */

/* Begin PBXResourcesBuildPhase section */
		07B574AE22C65A5A002DF721 /* Resources */ = {
			isa = PBXResourcesBuildPhase;
			buildActionMask = 2147483647;
			files = (
				07B574BE22C65A5C002DF721 /* LaunchScreen.storyboard in Resources */,
				07B574BB22C65A5C002DF721 /* Assets.xcassets in Resources */,
				07B574B922C65A5A002DF721 /* Main.storyboard in Resources */,
			);
			runOnlyForDeploymentPostprocessing = 0;
		};
		07B574C022C65A5C002DF721 /* Resources */ = {
			isa = PBXResourcesBuildPhase;
			buildActionMask = 2147483647;
			files = (
				07B574CB22C65A5C002DF721 /* Assets.xcassets in Resources */,
				07B574C922C65A5C002DF721 /* Interface.storyboard in Resources */,
			);
			runOnlyForDeploymentPostprocessing = 0;
		};
		07B574CF22C65A5D002DF721 /* Resources */ = {
			isa = PBXResourcesBuildPhase;
			buildActionMask = 2147483647;
			files = (
				07B574DB22C65A5D002DF721 /* Assets.xcassets in Resources */,
			);
			runOnlyForDeploymentPostprocessing = 0;
		};
/* End PBXResourcesBuildPhase section */

/* Begin PBXSourcesBuildPhase section */
		07B574AC22C65A5A002DF721 /* Sources */ = {
			isa = PBXSourcesBuildPhase;
			buildActionMask = 2147483647;
			files = (
				07B574B622C65A5A002DF721 /* ViewController.swift in Sources */,
				07B574B422C65A5A002DF721 /* AppDelegate.swift in Sources */,
			);
			runOnlyForDeploymentPostprocessing = 0;
		};
		07B574CD22C65A5D002DF721 /* Sources */ = {
			isa = PBXSourcesBuildPhase;
			buildActionMask = 2147483647;
			files = (
				07B574D922C65A5D002DF721 /* ExtensionDelegate.swift in Sources */,
				07B574D722C65A5D002DF721 /* InterfaceController.swift in Sources */,
			);
			runOnlyForDeploymentPostprocessing = 0;
		};
/* End PBXSourcesBuildPhase section */

/* Begin PBXTargetDependency section */
		07B574C522C65A5C002DF721 /* PBXTargetDependency */ = {
			isa = PBXTargetDependency;
			target = 07B574C122C65A5C002DF721 /* Activity2 WatchKit App */;
			targetProxy = 07B574C422C65A5C002DF721 /* PBXContainerItemProxy */;
		};
		07B574D422C65A5D002DF721 /* PBXTargetDependency */ = {
			isa = PBXTargetDependency;
			target = 07B574D022C65A5D002DF721 /* Activity2 WatchKit Extension */;
			targetProxy = 07B574D322C65A5D002DF721 /* PBXContainerItemProxy */;
		};
/* End PBXTargetDependency section */

/* Begin PBXVariantGroup section */
		07B574B722C65A5A002DF721 /* Main.storyboard */ = {
			isa = PBXVariantGroup;
			children = (
				07B574B822C65A5A002DF721 /* Base */,
			);
			name = Main.storyboard;
			sourceTree = "<group>";
		};
		07B574BC22C65A5C002DF721 /* LaunchScreen.storyboard */ = {
			isa = PBXVariantGroup;
			children = (
				07B574BD22C65A5C002DF721 /* Base */,
			);
			name = LaunchScreen.storyboard;
			sourceTree = "<group>";
		};
		07B574C722C65A5C002DF721 /* Interface.storyboard */ = {
			isa = PBXVariantGroup;
			children = (
				07B574C822C65A5C002DF721 /* Base */,
			);
			name = Interface.storyboard;
			sourceTree = "<group>";
		};
/* End PBXVariantGroup section */

/* Begin XCBuildConfiguration section */
		07B574DD22C65A5D002DF721 /* Debug */ = {
			isa = XCBuildConfiguration;
			buildSettings = {
				ALWAYS_SEARCH_USER_PATHS = NO;
				CLANG_ANALYZER_NONNULL = YES;
				CLANG_ANALYZER_NUMBER_OBJECT_CONVERSION = YES_AGGRESSIVE;
				CLANG_CXX_LANGUAGE_STANDARD = "gnu++14";
				CLANG_CXX_LIBRARY = "libc++";
				CLANG_ENABLE_MODULES = YES;
				CLANG_ENABLE_OBJC_ARC = YES;
				CLANG_ENABLE_OBJC_WEAK = YES;
				CLANG_WARN_BLOCK_CAPTURE_AUTORELEASING = YES;
				CLANG_WARN_BOOL_CONVERSION = YES;
				CLANG_WARN_COMMA = YES;
				CLANG_WARN_CONSTANT_CONVERSION = YES;
				CLANG_WARN_DEPRECATED_OBJC_IMPLEMENTATIONS = YES;
				CLANG_WARN_DIRECT_OBJC_ISA_USAGE = YES_ERROR;
				CLANG_WARN_DOCUMENTATION_COMMENTS = YES;
				CLANG_WARN_EMPTY_BODY = YES;
				CLANG_WARN_ENUM_CONVERSION = YES;
				CLANG_WARN_INFINITE_RECURSION = YES;
				CLANG_WARN_INT_CONVERSION = YES;
				CLANG_WARN_NON_LITERAL_NULL_CONVERSION = YES;
				CLANG_WARN_OBJC_IMPLICIT_RETAIN_SELF = YES;
				CLANG_WARN_OBJC_LITERAL_CONVERSION = YES;
				CLANG_WARN_OBJC_ROOT_CLASS = YES_ERROR;
				CLANG_WARN_RANGE_LOOP_ANALYSIS = YES;
				CLANG_WARN_STRICT_PROTOTYPES = YES;
				CLANG_WARN_SUSPICIOUS_MOVE = YES;
				CLANG_WARN_UNGUARDED_AVAILABILITY = YES_AGGRESSIVE;
				CLANG_WARN_UNREACHABLE_CODE = YES;
				CLANG_WARN__DUPLICATE_METHOD_MATCH = YES;
				CODE_SIGN_IDENTITY = "iPhone Developer";
				COPY_PHASE_STRIP = NO;
				DEBUG_INFORMATION_FORMAT = dwarf;
				ENABLE_STRICT_OBJC_MSGSEND = YES;
				ENABLE_TESTABILITY = YES;
				GCC_C_LANGUAGE_STANDARD = gnu11;
				GCC_DYNAMIC_NO_PIC = NO;
				GCC_NO_COMMON_BLOCKS = YES;
				GCC_OPTIMIZATION_LEVEL = 0;
				GCC_PREPROCESSOR_DEFINITIONS = (
					"DEBUG=1",
					"$(inherited)",
				);
				GCC_WARN_64_TO_32_BIT_CONVERSION = YES;
				GCC_WARN_ABOUT_RETURN_TYPE = YES_ERROR;
				GCC_WARN_UNDECLARED_SELECTOR = YES;
				GCC_WARN_UNINITIALIZED_AUTOS = YES_AGGRESSIVE;
				GCC_WARN_UNUSED_FUNCTION = YES;
				GCC_WARN_UNUSED_VARIABLE = YES;
				IPHONEOS_DEPLOYMENT_TARGET = 12.1;
				MTL_ENABLE_DEBUG_INFO = INCLUDE_SOURCE;
				MTL_FAST_MATH = YES;
				ONLY_ACTIVE_ARCH = YES;
				SDKROOT = iphoneos;
				SWIFT_ACTIVE_COMPILATION_CONDITIONS = DEBUG;
				SWIFT_OPTIMIZATION_LEVEL = "-Onone";
			};
			name = Debug;
		};
		07B574DE22C65A5D002DF721 /* Release */ = {
			isa = XCBuildConfiguration;
			buildSettings = {
				ALWAYS_SEARCH_USER_PATHS = NO;
				CLANG_ANALYZER_NONNULL = YES;
				CLANG_ANALYZER_NUMBER_OBJECT_CONVERSION = YES_AGGRESSIVE;
				CLANG_CXX_LANGUAGE_STANDARD = "gnu++14";
				CLANG_CXX_LIBRARY = "libc++";
				CLANG_ENABLE_MODULES = YES;
				CLANG_ENABLE_OBJC_ARC = YES;
				CLANG_ENABLE_OBJC_WEAK = YES;
				CLANG_WARN_BLOCK_CAPTURE_AUTORELEASING = YES;
				CLANG_WARN_BOOL_CONVERSION = YES;
				CLANG_WARN_COMMA = YES;
				CLANG_WARN_CONSTANT_CONVERSION = YES;
				CLANG_WARN_DEPRECATED_OBJC_IMPLEMENTATIONS = YES;
				CLANG_WARN_DIRECT_OBJC_ISA_USAGE = YES_ERROR;
				CLANG_WARN_DOCUMENTATION_COMMENTS = YES;
				CLANG_WARN_EMPTY_BODY = YES;
				CLANG_WARN_ENUM_CONVERSION = YES;
				CLANG_WARN_INFINITE_RECURSION = YES;
				CLANG_WARN_INT_CONVERSION = YES;
				CLANG_WARN_NON_LITERAL_NULL_CONVERSION = YES;
				CLANG_WARN_OBJC_IMPLICIT_RETAIN_SELF = YES;
				CLANG_WARN_OBJC_LITERAL_CONVERSION = YES;
				CLANG_WARN_OBJC_ROOT_CLASS = YES_ERROR;
				CLANG_WARN_RANGE_LOOP_ANALYSIS = YES;
				CLANG_WARN_STRICT_PROTOTYPES = YES;
				CLANG_WARN_SUSPICIOUS_MOVE = YES;
				CLANG_WARN_UNGUARDED_AVAILABILITY = YES_AGGRESSIVE;
				CLANG_WARN_UNREACHABLE_CODE = YES;
				CLANG_WARN__DUPLICATE_METHOD_MATCH = YES;
				CODE_SIGN_IDENTITY = "iPhone Developer";
				COPY_PHASE_STRIP = NO;
				DEBUG_INFORMATION_FORMAT = "dwarf-with-dsym";
				ENABLE_NS_ASSERTIONS = NO;
				ENABLE_STRICT_OBJC_MSGSEND = YES;
				GCC_C_LANGUAGE_STANDARD = gnu11;
				GCC_NO_COMMON_BLOCKS = YES;
				GCC_WARN_64_TO_32_BIT_CONVERSION = YES;
				GCC_WARN_ABOUT_RETURN_TYPE = YES_ERROR;
				GCC_WARN_UNDECLARED_SELECTOR = YES;
				GCC_WARN_UNINITIALIZED_AUTOS = YES_AGGRESSIVE;
				GCC_WARN_UNUSED_FUNCTION = YES;
				GCC_WARN_UNUSED_VARIABLE = YES;
				IPHONEOS_DEPLOYMENT_TARGET = 12.1;
				MTL_ENABLE_DEBUG_INFO = NO;
				MTL_FAST_MATH = YES;
				SDKROOT = iphoneos;
				SWIFT_COMPILATION_MODE = wholemodule;
				SWIFT_OPTIMIZATION_LEVEL = "-O";
				VALIDATE_PRODUCT = YES;
			};
			name = Release;
		};
		07B574E022C65A5D002DF721 /* Debug */ = {
			isa = XCBuildConfiguration;
			buildSettings = {
				ASSETCATALOG_COMPILER_COMPLICATION_NAME = Complication;
				CODE_SIGN_STYLE = Automatic;
				DEVELOPMENT_TEAM = M8YP67C253;
				INFOPLIST_FILE = "Activity2 WatchKit Extension/Info.plist";
				LD_RUNPATH_SEARCH_PATHS = (
					"$(inherited)",
					"@executable_path/Frameworks",
					"@executable_path/../../Frameworks",
				);
				PRODUCT_BUNDLE_IDENTIFIER = myorg.example.Activity2.watchkitapp.watchkitextension;
				PRODUCT_NAME = "${TARGET_NAME}";
				SDKROOT = watchos;
				SKIP_INSTALL = YES;
				SWIFT_VERSION = 4.2;
				TARGETED_DEVICE_FAMILY = 4;
				WATCHOS_DEPLOYMENT_TARGET = 5.1;
			};
			name = Debug;
		};
		07B574E122C65A5D002DF721 /* Release */ = {
			isa = XCBuildConfiguration;
			buildSettings = {
				ASSETCATALOG_COMPILER_COMPLICATION_NAME = Complication;
				CODE_SIGN_STYLE = Automatic;
				DEVELOPMENT_TEAM = M8YP67C253;
				INFOPLIST_FILE = "Activity2 WatchKit Extension/Info.plist";
				LD_RUNPATH_SEARCH_PATHS = (
					"$(inherited)",
					"@executable_path/Frameworks",
					"@executable_path/../../Frameworks",
				);
				PRODUCT_BUNDLE_IDENTIFIER = myorg.example.Activity2.watchkitapp.watchkitextension;
				PRODUCT_NAME = "${TARGET_NAME}";
				SDKROOT = watchos;
				SKIP_INSTALL = YES;
				SWIFT_VERSION = 4.2;
				TARGETED_DEVICE_FAMILY = 4;
				WATCHOS_DEPLOYMENT_TARGET = 5.1;
			};
			name = Release;
		};
		07B574E422C65A5D002DF721 /* Debug */ = {
			isa = XCBuildConfiguration;
			buildSettings = {
				ALWAYS_EMBED_SWIFT_STANDARD_LIBRARIES = YES;
				ASSETCATALOG_COMPILER_APPICON_NAME = AppIcon;
				CODE_SIGN_STYLE = Automatic;
				DEVELOPMENT_TEAM = M8YP67C253;
				IBSC_MODULE = Activity2_WatchKit_Extension;
				INFOPLIST_FILE = "Activity2 WatchKit App/Info.plist";
				PRODUCT_BUNDLE_IDENTIFIER = myorg.example.Activity2.watchkitapp;
				PRODUCT_NAME = "$(TARGET_NAME)";
				SDKROOT = watchos;
				SKIP_INSTALL = YES;
				SWIFT_VERSION = 4.2;
				TARGETED_DEVICE_FAMILY = 4;
				WATCHOS_DEPLOYMENT_TARGET = 5.1;
			};
			name = Debug;
		};
		07B574E522C65A5D002DF721 /* Release */ = {
			isa = XCBuildConfiguration;
			buildSettings = {
				ALWAYS_EMBED_SWIFT_STANDARD_LIBRARIES = YES;
				ASSETCATALOG_COMPILER_APPICON_NAME = AppIcon;
				CODE_SIGN_STYLE = Automatic;
				DEVELOPMENT_TEAM = M8YP67C253;
				IBSC_MODULE = Activity2_WatchKit_Extension;
				INFOPLIST_FILE = "Activity2 WatchKit App/Info.plist";
				PRODUCT_BUNDLE_IDENTIFIER = myorg.example.Activity2.watchkitapp;
				PRODUCT_NAME = "$(TARGET_NAME)";
				SDKROOT = watchos;
				SKIP_INSTALL = YES;
				SWIFT_VERSION = 4.2;
				TARGETED_DEVICE_FAMILY = 4;
				WATCHOS_DEPLOYMENT_TARGET = 5.1;
			};
			name = Release;
		};
		07B574E822C65A5D002DF721 /* Debug */ = {
			isa = XCBuildConfiguration;
			buildSettings = {
				ASSETCATALOG_COMPILER_APPICON_NAME = AppIcon;
				CODE_SIGN_STYLE = Automatic;
				DEVELOPMENT_TEAM = M8YP67C253;
				INFOPLIST_FILE = Activity2/Info.plist;
				LD_RUNPATH_SEARCH_PATHS = (
					"$(inherited)",
					"@executable_path/Frameworks",
				);
				PRODUCT_BUNDLE_IDENTIFIER = myorg.example.Activity2;
				PRODUCT_NAME = "$(TARGET_NAME)";
				SWIFT_VERSION = 4.2;
				TARGETED_DEVICE_FAMILY = "1,2";
			};
			name = Debug;
		};
		07B574E922C65A5D002DF721 /* Release */ = {
			isa = XCBuildConfiguration;
			buildSettings = {
				ASSETCATALOG_COMPILER_APPICON_NAME = AppIcon;
				CODE_SIGN_STYLE = Automatic;
				DEVELOPMENT_TEAM = M8YP67C253;
				INFOPLIST_FILE = Activity2/Info.plist;
				LD_RUNPATH_SEARCH_PATHS = (
					"$(inherited)",
					"@executable_path/Frameworks",
				);
				PRODUCT_BUNDLE_IDENTIFIER = myorg.example.Activity2;
				PRODUCT_NAME = "$(TARGET_NAME)";
				SWIFT_VERSION = 4.2;
				TARGETED_DEVICE_FAMILY = "1,2";
			};
			name = Release;
		};
/* End XCBuildConfiguration section */

/* Begin XCConfigurationList section */
		07B574AB22C65A5A002DF721 /* Build configuration list for PBXProject "Activity2" */ = {
			isa = XCConfigurationList;
			buildConfigurations = (
				07B574DD22C65A5D002DF721 /* Debug */,
				07B574DE22C65A5D002DF721 /* Release */,
			);
			defaultConfigurationIsVisible = 0;
			defaultConfigurationName = Release;
		};
		07B574DF22C65A5D002DF721 /* Build configuration list for PBXNativeTarget "Activity2 WatchKit Extension" */ = {
			isa = XCConfigurationList;
			buildConfigurations = (
				07B574E022C65A5D002DF721 /* Debug */,
				07B574E122C65A5D002DF721 /* Release */,
			);
			defaultConfigurationIsVisible = 0;
			defaultConfigurationName = Release;
		};
		07B574E322C65A5D002DF721 /* Build configuration list for PBXNativeTarget "Activity2 WatchKit App" */ = {
			isa = XCConfigurationList;
			buildConfigurations = (
				07B574E422C65A5D002DF721 /* Debug */,
				07B574E522C65A5D002DF721 /* Release */,
			);
			defaultConfigurationIsVisible = 0;
			defaultConfigurationName = Release;
		};
		07B574E722C65A5D002DF721 /* Build configuration list for PBXNativeTarget "Activity2" */ = {
			isa = XCConfigurationList;
			buildConfigurations = (
				07B574E822C65A5D002DF721 /* Debug */,
				07B574E922C65A5D002DF721 /* Release */,
			);
			defaultConfigurationIsVisible = 0;
			defaultConfigurationName = Release;
		};
/* End XCConfigurationList section */
	};
	rootObject = 07B574A822C65A5A002DF721 /* Project object */;
}
